
Microsoft Visual Studio Solution File, Format Version 12.00
# Visual Studio Version 17
VisualStudioVersion = 17.10.35013.160
MinimumVisualStudioVersion = 10.0.40219.1
Project("{9A19103F-16F7-4668-BE54-9A1E7A4F7556}") = "Entities", "Entities\Entities.csproj", "{464FB361-CAE0-431A-8B69-58E831BD6819}"
EndProject
Project("{9A19103F-16F7-4668-BE54-9A1E7A4F7556}") = "Business", "Business\Business.csproj", "{B5C05088-9801-4B25-9027-70F5983E1B09}"
EndProject
Project("{9A19103F-16F7-4668-BE54-9A1E7A4F7556}") = "DataAccess", "DataAccess\DataAccess.csproj", "{18B5829F-C383-4673-B30B-D21216E79E90}"
EndProject
Project("{9A19103F-16F7-4668-BE54-9A1E7A4F7556}") = "ConsoleUI", "ConsoleUI\ConsoleUI.csproj", "{06833FB1-59C9-4BD0-9123-4394955A4C79}"
EndProject
Project("{9A19103F-16F7-4668-BE54-9A1E7A4F7556}") = "Core", "Core\Core.csproj", "{B2DA8FB7-4226-4009-B093-279AB5958020}"
EndProject
Project("{FAE04EC0-301F-11D3-BF4B-00C04F79EFBC}") = "WebAPI", "WebAPI\WebAPI.csproj", "{595C7F56-9DA5-4F64-BA18-0F7360AB47F2}"
EndProject
Global
	GlobalSection(SolutionConfigurationPlatforms) = preSolution
		Debug|Any CPU = Debug|Any CPU
		Release|Any CPU = Release|Any CPU
	EndGlobalSection
	GlobalSection(ProjectConfigurationPlatforms) = postSolution
		{464FB361-CAE0-431A-8B69-58E831BD6819}.Debug|Any CPU.ActiveCfg = Debug|Any CPU
		{464FB361-CAE0-431A-8B69-58E831BD6819}.Debug|Any CPU.Build.0 = Debug|Any CPU
		{464FB361-CAE0-431A-8B69-58E831BD6819}.Release|Any CPU.ActiveCfg = Release|Any CPU
		{464FB361-CAE0-431A-8B69-58E831BD6819}.Release|Any CPU.Build.0 = Release|Any CPU
		{B5C05088-9801-4B25-9027-70F5983E1B09}.Debug|Any CPU.ActiveCfg = Debug|Any CPU
		{B5C05088-9801-4B25-9027-70F5983E1B09}.Debug|Any CPU.Build.0 = Debug|Any CPU
		{B5C05088-9801-4B25-9027-70F5983E1B09}.Release|Any CPU.ActiveCfg = Release|Any CPU
		{B5C05088-9801-4B25-9027-70F5983E1B09}.Release|Any CPU.Build.0 = Release|Any CPU
		{18B5829F-C383-4673-B30B-D21216E79E90}.Debug|Any CPU.ActiveCfg = Debug|Any CPU
		{18B5829F-C383-4673-B30B-D21216E79E90}.Debug|Any CPU.Build.0 = Debug|Any CPU
		{18B5829F-C383-4673-B30B-D21216E79E90}.Release|Any CPU.ActiveCfg = Release|Any CPU
		{18B5829F-C383-4673-B30B-D21216E79E90}.Release|Any CPU.Build.0 = Release|Any CPU
		{06833FB1-59C9-4BD0-9123-4394955A4C79}.Debug|Any CPU.ActiveCfg = Debug|Any CPU
		{06833FB1-59C9-4BD0-9123-4394955A4C79}.Debug|Any CPU.Build.0 = Debug|Any CPU
		{06833FB1-59C9-4BD0-9123-4394955A4C79}.Release|Any CPU.ActiveCfg = Release|Any CPU
		{06833FB1-59C9-4BD0-9123-4394955A4C79}.Release|Any CPU.Build.0 = Release|Any CPU
		{B2DA8FB7-4226-4009-B093-279AB5958020}.Debug|Any CPU.ActiveCfg = Debug|Any CPU
		{B2DA8FB7-4226-4009-B093-279AB5958020}.Debug|Any CPU.Build.0 = Debug|Any CPU
		{B2DA8FB7-4226-4009-B093-279AB5958020}.Release|Any CPU.ActiveCfg = Release|Any CPU
		{B2DA8FB7-4226-4009-B093-279AB5958020}.Release|Any CPU.Build.0 = Release|Any CPU
		{595C7F56-9DA5-4F64-BA18-0F7360AB47F2}.Debug|Any CPU.ActiveCfg = Debug|Any CPU
		{595C7F56-9DA5-4F64-BA18-0F7360AB47F2}.Debug|Any CPU.Build.0 = Debug|Any CPU
		{595C7F56-9DA5-4F64-BA18-0F7360AB47F2}.Release|Any CPU.ActiveCfg = Release|Any CPU
		{595C7F56-9DA5-4F64-BA18-0F7360AB47F2}.Release|Any CPU.Build.0 = Release|Any CPU
	EndGlobalSection
	GlobalSection(SolutionProperties) = preSolution
		HideSolutionNode = FALSE
	EndGlobalSection
	GlobalSection(ExtensibilityGlobals) = postSolution
		SolutionGuid = {E6F0BABB-2239-43E1-908E-4A230B7BBA84}
	EndGlobalSection
EndGlobal
